github.com/lib/pq v1.0.0 h1:X5PMW56eZitiTeO7tKzZxFCSpbFZJtkMMooicw2us9A=
github.com/lib/pq v1.0.0/go.mod h1:5WUZQaWbwv1U+lTReE5YruASi9Al49XbQIvNi/34Woo=
golang.org/x/crypto v0.0.0-20181203042331-505ab145d0a9 h1:mKdxBk7AujPs8kU4m80U72y/zjbZ3UcXC7dClwKbUI0=
golang.org/x/crypto v0.0.0-20181203042331-505ab145d0a9/go.mod h1:6SG95UA2DQfeDnfUPMdvaQW0Q7yPrPDi9nlGo2tz2b4=
